bath_room_presence_lock:
  name: Bath Room Presence Lock
  icon: mdi:account-lock-outline

living_room_presence_lock:
  name: Living Room Presence Lock
  icon: mdi:account-lock-outline

bed_room_presence_lock:
  name: Bed Room Presence Lock
  icon: mdi:account-lock-outline

kitchen_presence_lock:
  name: Kitchen Presence Lock
  icon: mdi:account-lock-outline

toilet_presence_lock:
  name: Toilet Presence Lock
  icon: mdi:account-lock-outline

office_presence_lock:
  name: Office Presence Lock
  icon: mdi:account-lock-outline

hallway_presence_lock:
  name: Hallway Presence Lock
  icon: mdi:account-lock-outline

entrance_presence_lock:
  name: Entrance Presence Lock
  icon: mdi:account-lock-outline

bar_presence_lock:
  name: Bar Presence Lock
  icon: mdi:account-lock-outline

dining_room_presence_lock:
  name: Dining Room Presence Lock
  icon: mdi:account-lock-outline
